Microsoft Visual Studio Solution File, Format Version 11.00
# Visual Studio 2008

Project("{2EEC2889-CE7C-DFFC-2C22-9D8AD663BA15}") = "Orby", "Assembly-CSharp.csproj", "{D941B1F2-5DE3-0308-1326-29F52DDC8600}"
EndProject
Project("{2EEC2889-CE7C-DFFC-2C22-9D8AD663BA15}") = "Orby", "Assembly-CSharp-Editor.csproj", "{1D1930A5-89E6-8DDF-6E95-4B26D6B388A0}"
EndProject
Project("{2EEC2889-CE7C-DFFC-2C22-9D8AD663BA15}") = "Orby", "Assembly-UnityScript.unityproj", "{580A4BBE-72AD-58C4-B3EF-BE32DE47844C}"
EndProject
Global
	GlobalSection(SolutionConfigurationPlatforms) = preSolution
		Debug|Any CPU = Debug|Any CPU
		Release|Any CPU = Release|Any CPU
	EndGlobalSection
	GlobalSection(ProjectConfigurationPlatforms) = postSolution
		{D941B1F2-5DE3-0308-1326-29F52DDC8600}.Debug|Any CPU.ActiveCfg = Debug|Any CPU
		{D941B1F2-5DE3-0308-1326-29F52DDC8600}.Debug|Any CPU.Build.0 = Debug|Any CPU
		{D941B1F2-5DE3-0308-1326-29F52DDC8600}.Release|Any CPU.ActiveCfg = Release|Any CPU
		{D941B1F2-5DE3-0308-1326-29F52DDC8600}.Release|Any CPU.Build.0 = Release|Any CPU
		{1D1930A5-89E6-8DDF-6E95-4B26D6B388A0}.Debug|Any CPU.ActiveCfg = Debug|Any CPU
		{1D1930A5-89E6-8DDF-6E95-4B26D6B388A0}.Debug|Any CPU.Build.0 = Debug|Any CPU
		{1D1930A5-89E6-8DDF-6E95-4B26D6B388A0}.Release|Any CPU.ActiveCfg = Release|Any CPU
		{1D1930A5-89E6-8DDF-6E95-4B26D6B388A0}.Release|Any CPU.Build.0 = Release|Any CPU
		{580A4BBE-72AD-58C4-B3EF-BE32DE47844C}.Debug|Any CPU.ActiveCfg = Debug|Any CPU
		{580A4BBE-72AD-58C4-B3EF-BE32DE47844C}.Debug|Any CPU.Build.0 = Debug|Any CPU
		{580A4BBE-72AD-58C4-B3EF-BE32DE47844C}.Release|Any CPU.ActiveCfg = Release|Any CPU
		{580A4BBE-72AD-58C4-B3EF-BE32DE47844C}.Release|Any CPU.Build.0 = Release|Any CPU
	EndGlobalSection
	GlobalSection(SolutionProperties) = preSolution
		HideSolutionNode = FALSE
	EndGlobalSection
																																																																																																																																																																																	GlobalSection(MonoDevelopProperties) = preSolution
																																																																																																																																																		GlobalSection(MonoDevelopProperties) = preSolution
		StartupItem = Assembly-CSharp.csproj
		Policies = $0
		$0.TextStylePolicy = $1
		$1.inheritsSet = null
		$1.scope = text/x-csharp
		$0.CSharpFormattingPolicy = $2
		$2.inheritsSet = Mono
		$2.inheritsScope = text/x-csharp
		$2.scope = text/x-csharp
		$0.TextStylePolicy = $3
		$3.FileWidth = 120
		$3.TabWidth = 4
		$3.EolMarker = Unix
		$3.inheritsSet = Mono
		$3.inheritsScope = text/plain
		$3.scope = text/plain
	EndGlobalSection

EndGlobal
